
Microsoft Visual Studio Solution File, Format Version 12.00
# Visual Studio Version 17
VisualStudioVersion = 17.2.32630.192
MinimumVisualStudioVersion = 10.0.40219.1
Project("{FAE04EC0-301F-11D3-BF4B-00C04F79EFBC}") = "Practica_1_PreAceleracion", "Practica_1_PreAceleracion\Practica_1_PreAceleracion.csproj", "{4F907E22-1B53-4C62-9308-70A884C9EF0C}"
EndProject
Global
	GlobalSection(SolutionConfigurationPlatforms) = preSolution
		Debug|Any CPU = Debug|Any CPU
		Release|Any CPU = Release|Any CPU
	EndGlobalSection
	GlobalSection(ProjectConfigurationPlatforms) = postSolution
		{4F907E22-1B53-4C62-9308-70A884C9EF0C}.Debug|Any CPU.ActiveCfg = Debug|Any CPU
		{4F907E22-1B53-4C62-9308-70A884C9EF0C}.Debug|Any CPU.Build.0 = Debug|Any CPU
		{4F907E22-1B53-4C62-9308-70A884C9EF0C}.Release|Any CPU.ActiveCfg = Release|Any CPU
		{4F907E22-1B53-4C62-9308-70A884C9EF0C}.Release|Any CPU.Build.0 = Release|Any CPU
	EndGlobalSection
	GlobalSection(SolutionProperties) = preSolution
		HideSolutionNode = FALSE
	EndGlobalSection
	GlobalSection(ExtensibilityGlobals) = postSolution
		SolutionGuid = {184D9915-F383-492C-B678-61D2FC78EA4D}
	EndGlobalSection
EndGlobal
